
Microsoft Visual Studio Solution File, Format Version 12.00
# Visual Studio Version 17
VisualStudioVersion = 17.10.35027.167
MinimumVisualStudioVersion = 10.0.40219.1
Project("{FAE04EC0-301F-11D3-BF4B-00C04F79EFBC}") = "Practica-ISP", "Practica-ISP\Practica-ISP.csproj", "{CE863F70-B06A-4E89-878A-1E1CC0DB5548}"
EndProject
Global
	GlobalSection(SolutionConfigurationPlatforms) = preSolution
		Debug|Any CPU = Debug|Any CPU
		Release|Any CPU = Release|Any CPU
	EndGlobalSection
	GlobalSection(ProjectConfigurationPlatforms) = postSolution
		{CE863F70-B06A-4E89-878A-1E1CC0DB5548}.Debug|Any CPU.ActiveCfg = Debug|Any CPU
		{CE863F70-B06A-4E89-878A-1E1CC0DB5548}.Debug|Any CPU.Build.0 = Debug|Any CPU
		{CE863F70-B06A-4E89-878A-1E1CC0DB5548}.Release|Any CPU.ActiveCfg = Release|Any CPU
		{CE863F70-B06A-4E89-878A-1E1CC0DB5548}.Release|Any CPU.Build.0 = Release|Any CPU
	EndGlobalSection
	GlobalSection(SolutionProperties) = preSolution
		HideSolutionNode = FALSE
	EndGlobalSection
	GlobalSection(ExtensibilityGlobals) = postSolution
		SolutionGuid = {D8CDE57B-2F8C-4464-ACBB-F16584FF9FF5}
	EndGlobalSection
EndGlobal
